// !$*UTF8*$!
{
	archiveVersion = 1;
	classes = {
	};
	objectVersion = 46;
	objects = {

/* Begin PBXBuildFile section */
		0337E7621A9FAB1200DEFD4F /* LightView.swift in Sources */ = {isa = PBXBuildFile; fileRef = 0337E7611A9FAB1200DEFD4F /* LightView.swift */; };
		4C18E2391AB9FF66005E743B /* ColorCalculator.swift in Sources */ = {isa = PBXBuildFile; fileRef = 4C18E2381AB9FF66005E743B /* ColorCalculator.swift */; };
		4C455DC91A93C34900C80790 /* AppDelegate.swift in Sources */ = {isa = PBXBuildFile; fileRef = 4C455DC81A93C34900C80790 /* AppDelegate.swift */; };
		4C455DCC1A93C34900C80790 /* festival_lights.xcdatamodeld in Sources */ = {isa = PBXBuildFile; fileRef = 4C455DCA1A93C34900C80790 /* festival_lights.xcdatamodeld */; };
		4C455DCE1A93C34900C80790 /* ViewController.swift in Sources */ = {isa = PBXBuildFile; fileRef = 4C455DCD1A93C34900C80790 /* ViewController.swift */; };
		4C455DD11A93C34900C80790 /* Main.storyboard in Resources */ = {isa = PBXBuildFile; fileRef = 4C455DCF1A93C34900C80790 /* Main.storyboard */; };
		4C455DD31A93C34900C80790 /* Images.xcassets in Resources */ = {isa = PBXBuildFile; fileRef = 4C455DD21A93C34900C80790 /* Images.xcassets */; };
		4C455DE21A93C34900C80790 /* festival_lightsTests.swift in Sources */ = {isa = PBXBuildFile; fileRef = 4C455DE11A93C34900C80790 /* festival_lightsTests.swift */; };
		4C992F1F1ACEB187005686FE /* UserInterface.swift in Sources */ = {isa = PBXBuildFile; fileRef = 4C992F1E1ACEB187005686FE /* UserInterface.swift */; };
		4C992F241ACED0A4005686FE /* Locksmith.swift in Sources */ = {isa = PBXBuildFile; fileRef = 4C992F221ACED0A4005686FE /* Locksmith.swift */; };
		4C992F251ACED0A4005686FE /* LocksmithRequest.swift in Sources */ = {isa = PBXBuildFile; fileRef = 4C992F231ACED0A4005686FE /* LocksmithRequest.swift */; };
		4CA5F9C91AC9D77000205A8B /* StoreKit.framework in Frameworks */ = {isa = PBXBuildFile; fileRef = 4CA5F9C81AC9D77000205A8B /* StoreKit.framework */; };
		4CA5F9CB1ACB0E3100205A8B /* AudioRecorder.swift in Sources */ = {isa = PBXBuildFile; fileRef = 4CA5F9CA1ACB0E3100205A8B /* AudioRecorder.swift */; };
		6158C57E1F8C229256589B15 /* libPods.a in Frameworks */ = {isa = PBXBuildFile; fileRef = BB7CADA8E669F8D57AE18B04 /* libPods.a */; };
/* End PBXBuildFile section */

/* Begin PBXContainerItemProxy section */
		4C455DDC1A93C34900C80790 /* PBXContainerItemProxy */ = {
			isa = PBXContainerItemProxy;
			containerPortal = 4C455DBB1A93C34900C80790 /* Project object */;
			proxyType = 1;
			remoteGlobalIDString = 4C455DC21A93C34900C80790;
			remoteInfo = festival_lights;
		};
/* End PBXContainerItemProxy section */

/* Begin PBXFileReference section */
		0337E7611A9FAB1200DEFD4F /* LightView.swift */ = {isa = PBXFileReference; fileEncoding = 4; lastKnownFileType = sourcecode.swift; path = LightView.swift; sourceTree = "<group>"; };
		4C18E2381AB9FF66005E743B /* ColorCalculator.swift */ = {isa = PBXFileReference; fileEncoding = 4; lastKnownFileType = sourcecode.swift; path = ColorCalculator.swift; sourceTree = "<group>"; };
		4C455DC31A93C34900C80790 /* festival_lights.app */ = {isa = PBXFileReference; explicitFileType = wrapper.application; includeInIndex = 0; path = festival_lights.app; sourceTree = BUILT_PRODUCTS_DIR; };
		4C455DC71A93C34900C80790 /* Info.plist */ = {isa = PBXFileReference; lastKnownFileType = text.plist.xml; path = Info.plist; sourceTree = "<group>"; };
		4C455DC81A93C34900C80790 /* AppDelegate.swift */ = {isa = PBXFileReference; lastKnownFileType = sourcecode.swift; path = AppDelegate.swift; sourceTree = "<group>"; };
		4C455DCB1A93C34900C80790 /* festival_lights.xcdatamodel */ = {isa = PBXFileReference; lastKnownFileType = wrapper.xcdatamodel; path = festival_lights.xcdatamodel; sourceTree = "<group>"; };
		4C455DCD1A93C34900C80790 /* ViewController.swift */ = {isa = PBXFileReference; lastKnownFileType = sourcecode.swift; path = ViewController.swift; sourceTree = "<group>"; };
		4C455DD01A93C34900C80790 /* Base */ = {isa = PBXFileReference; lastKnownFileType = file.storyboard; name = Base; path = Base.lproj/Main.storyboard; sourceTree = "<group>"; };
		4C455DD21A93C34900C80790 /* Images.xcassets */ = {isa = PBXFileReference; lastKnownFileType = folder.assetcatalog; path = Images.xcassets; sourceTree = "<group>"; };
		4C455DDB1A93C34900C80790 /* festival_lightsTests.xctest */ = {isa = PBXFileReference; explicitFileType = wrapper.cfbundle; includeInIndex = 0; path = festival_lightsTests.xctest; sourceTree = BUILT_PRODUCTS_DIR; };
		4C455DE01A93C34900C80790 /* Info.plist */ = {isa = PBXFileReference; lastKnownFileType = text.plist.xml; path = Info.plist; sourceTree = "<group>"; };
		4C455DE11A93C34900C80790 /* festival_lightsTests.swift */ = {isa = PBXFileReference; lastKnownFileType = sourcecode.swift; path = festival_lightsTests.swift; sourceTree = "<group>"; };
		4C992F1E1ACEB187005686FE /* UserInterface.swift */ = {isa = PBXFileReference; fileEncoding = 4; lastKnownFileType = sourcecode.swift; path = UserInterface.swift; sourceTree = "<group>"; };
		4C992F221ACED0A4005686FE /* Locksmith.swift */ = {isa = PBXFileReference; fileEncoding = 4; lastKnownFileType = sourcecode.swift; path = Locksmith.swift; sourceTree = "<group>"; };
		4C992F231ACED0A4005686FE /* LocksmithRequest.swift */ = {isa = PBXFileReference; fileEncoding = 4; lastKnownFileType = sourcecode.swift; path = LocksmithRequest.swift; sourceTree = "<group>"; };
		4C992F271ACED0D7005686FE /* mixpanel-Bridging-Header.h */ = {isa = PBXFileReference; fileEncoding = 4; lastKnownFileType = sourcecode.c.h; path = "mixpanel-Bridging-Header.h"; sourceTree = "<group>"; };
		4CA5F9C81AC9D77000205A8B /* StoreKit.framework */ = {isa = PBXFileReference; lastKnownFileType = wrapper.framework; name = StoreKit.framework; path = System/Library/Frameworks/StoreKit.framework; sourceTree = SDKROOT; };
		4CA5F9CA1ACB0E3100205A8B /* AudioRecorder.swift */ = {isa = PBXFileReference; fileEncoding = 4; lastKnownFileType = sourcecode.swift; path = AudioRecorder.swift; sourceTree = "<group>"; };
		50B42E60B35AD44492D74AD5 /* Pods.release.xcconfig */ = {isa = PBXFileReference; includeInIndex = 1; lastKnownFileType = text.xcconfig; name = Pods.release.xcconfig; path = "Pods/Target Support Files/Pods/Pods.release.xcconfig"; sourceTree = "<group>"; };
		707087E60BED06337EA3EEBF /* Pods.debug.xcconfig */ = {isa = PBXFileReference; includeInIndex = 1; lastKnownFileType = text.xcconfig; name = Pods.debug.xcconfig; path = "Pods/Target Support Files/Pods/Pods.debug.xcconfig"; sourceTree = "<group>"; };
		BB7CADA8E669F8D57AE18B04 /* libPods.a */ = {isa = PBXFileReference; explicitFileType = archive.ar; includeInIndex = 0; path = libPods.a; sourceTree = BUILT_PRODUCTS_DIR; };
/* End PBXFileReference section */

/* Begin PBXFrameworksBuildPhase section */
		4C455DC01A93C34900C80790 /* Frameworks */ = {
			isa = PBXFrameworksBuildPhase;
			buildActionMask = 2147483647;
			files = (
				4CA5F9C91AC9D77000205A8B /* StoreKit.framework in Frameworks */,
				6158C57E1F8C229256589B15 /* libPods.a in Frameworks */,
			);
			runOnlyForDeploymentPostprocessing = 0;
		};
		4C455DD81A93C34900C80790 /* Frameworks */ = {
			isa = PBXFrameworksBuildPhase;
			buildActionMask = 2147483647;
			files = (
			);
			runOnlyForDeploymentPostprocessing = 0;
		};
/* End PBXFrameworksBuildPhase section */

/* Begin PBXGroup section */
		0268212DCF0FFC9C9783C38B /* Frameworks */ = {
			isa = PBXGroup;
			children = (
				BB7CADA8E669F8D57AE18B04 /* libPods.a */,
			);
			name = Frameworks;
			sourceTree = "<group>";
		};
		1735632FED631C8F3B8F3615 /* Pods */ = {
			isa = PBXGroup;
			children = (
				707087E60BED06337EA3EEBF /* Pods.debug.xcconfig */,
				50B42E60B35AD44492D74AD5 /* Pods.release.xcconfig */,
			);
			name = Pods;
			sourceTree = "<group>";
		};
		4C455DBA1A93C34900C80790 = {
			isa = PBXGroup;
			children = (
				4C992F271ACED0D7005686FE /* mixpanel-Bridging-Header.h */,
				4CA5F9C81AC9D77000205A8B /* StoreKit.framework */,
				4C455DC51A93C34900C80790 /* festival_lights */,
				4C455DDE1A93C34900C80790 /* festival_lightsTests */,
				4C455DC41A93C34900C80790 /* Products */,
				1735632FED631C8F3B8F3615 /* Pods */,
				0268212DCF0FFC9C9783C38B /* Frameworks */,
			);
			sourceTree = "<group>";
		};
		4C455DC41A93C34900C80790 /* Products */ = {
			isa = PBXGroup;
			children = (
				4C455DC31A93C34900C80790 /* festival_lights.app */,
				4C455DDB1A93C34900C80790 /* festival_lightsTests.xctest */,
			);
			name = Products;
			sourceTree = "<group>";
		};
		4C455DC51A93C34900C80790 /* festival_lights */ = {
			isa = PBXGroup;
			children = (
				4C455DC81A93C34900C80790 /* AppDelegate.swift */,
				4C18E2381AB9FF66005E743B /* ColorCalculator.swift */,
				4C992F1E1ACEB187005686FE /* UserInterface.swift */,
				4C455DCD1A93C34900C80790 /* ViewController.swift */,
				4CA5F9CA1ACB0E3100205A8B /* AudioRecorder.swift */,
				0337E7611A9FAB1200DEFD4F /* LightView.swift */,
				4C455DCF1A93C34900C80790 /* Main.storyboard */,
				4C455DD21A93C34900C80790 /* Images.xcassets */,
				4C455DCA1A93C34900C80790 /* festival_lights.xcdatamodeld */,
				4C992F261ACED0A8005686FE /* Locksmith */,
				4C455DC61A93C34900C80790 /* Supporting Files */,
			);
			path = festival_lights;
			sourceTree = "<group>";
		};
		4C455DC61A93C34900C80790 /* Supporting Files */ = {
			isa = PBXGroup;
			children = (
				4C455DC71A93C34900C80790 /* Info.plist */,
			);
			name = "Supporting Files";
			sourceTree = "<group>";
		};
		4C455DDE1A93C34900C80790 /* festival_lightsTests */ = {
			isa = PBXGroup;
			children = (
				4C455DE11A93C34900C80790 /* festival_lightsTests.swift */,
				4C455DDF1A93C34900C80790 /* Supporting Files */,
			);
			path = festival_lightsTests;
			sourceTree = "<group>";
		};
		4C455DDF1A93C34900C80790 /* Supporting Files */ = {
			isa = PBXGroup;
			children = (
				4C455DE01A93C34900C80790 /* Info.plist */,
			);
			name = "Supporting Files";
			sourceTree = "<group>";
		};
		4C992F261ACED0A8005686FE /* Locksmith */ = {
			isa = PBXGroup;
			children = (
				4C992F221ACED0A4005686FE /* Locksmith.swift */,
				4C992F231ACED0A4005686FE /* LocksmithRequest.swift */,
			);
			name = Locksmith;
			sourceTree = "<group>";
		};
/* End PBXGroup section */

/* Begin PBXNativeTarget section */
		4C455DC21A93C34900C80790 /* festival_lights */ = {
			isa = PBXNativeTarget;
			buildConfigurationList = 4C455DE51A93C34900C80790 /* Build configuration list for PBXNativeTarget "festival_lights" */;
			buildPhases = (
				28C2B3A6162EEEAFC0AA91C0 /* Check Pods Manifest.lock */,
				4C455DBF1A93C34900C80790 /* Sources */,
				4C455DC01A93C34900C80790 /* Frameworks */,
				4C455DC11A93C34900C80790 /* Resources */,
				C4DC33F555D653985C84189E /* Copy Pods Resources */,
			);
			buildRules = (
			);
			dependencies = (
			);
			name = festival_lights;
			productName = festival_lights;
			productReference = 4C455DC31A93C34900C80790 /* festival_lights.app */;
			productType = "com.apple.product-type.application";
		};
		4C455DDA1A93C34900C80790 /* festival_lightsTests */ = {
			isa = PBXNativeTarget;
			buildConfigurationList = 4C455DE81A93C34900C80790 /* Build configuration list for PBXNativeTarget "festival_lightsTests" */;
			buildPhases = (
				4C455DD71A93C34900C80790 /* Sources */,
				4C455DD81A93C34900C80790 /* Frameworks */,
				4C455DD91A93C34900C80790 /* Resources */,
			);
			buildRules = (
			);
			dependencies = (
				4C455DDD1A93C34900C80790 /* PBXTargetDependency */,
			);
			name = festival_lightsTests;
			productName = festival_lightsTests;
			productReference = 4C455DDB1A93C34900C80790 /* festival_lightsTests.xctest */;
			productType = "com.apple.product-type.bundle.unit-test";
		};
/* End PBXNativeTarget section */

/* Begin PBXProject section */
		4C455DBB1A93C34900C80790 /* Project object */ = {
			isa = PBXProject;
			attributes = {
				LastUpgradeCheck = 0610;
				ORGANIZATIONNAME = "Daniel Berger";
				TargetAttributes = {
					4C455DC21A93C34900C80790 = {
						CreatedOnToolsVersion = 6.1.1;
						DevelopmentTeam = UEHHBA4DSD;
						SystemCapabilities = {
							com.apple.InAppPurchase = {
								enabled = 1;
							};
						};
					};
					4C455DDA1A93C34900C80790 = {
						CreatedOnToolsVersion = 6.1.1;
						TestTargetID = 4C455DC21A93C34900C80790;
					};
				};
			};
			buildConfigurationList = 4C455DBE1A93C34900C80790 /* Build configuration list for PBXProject "festival_lights" */;
			compatibilityVersion = "Xcode 3.2";
			developmentRegion = English;
			hasScannedForEncodings = 0;
			knownRegions = (
				en,
				Base,
			);
			mainGroup = 4C455DBA1A93C34900C80790;
			productRefGroup = 4C455DC41A93C34900C80790 /* Products */;
			projectDirPath = "";
			projectRoot = "";
			targets = (
				4C455DC21A93C34900C80790 /* festival_lights */,
				4C455DDA1A93C34900C80790 /* festival_lightsTests */,
			);
		};
/* End PBXProject section */

/* Begin PBXResourcesBuildPhase section */
		4C455DC11A93C34900C80790 /* Resources */ = {
			isa = PBXResourcesBuildPhase;
			buildActionMask = 2147483647;
			files = (
				4C455DD11A93C34900C80790 /* Main.storyboard in Resources */,
				4C455DD31A93C34900C80790 /* Images.xcassets in Resources */,
			);
			runOnlyForDeploymentPostprocessing = 0;
		};
		4C455DD91A93C34900C80790 /* Resources */ = {
			isa = PBXResourcesBuildPhase;
			buildActionMask = 2147483647;
			files = (
			);
			runOnlyForDeploymentPostprocessing = 0;
		};
/* End PBXResourcesBuildPhase section */

/* Begin PBXShellScriptBuildPhase section */
		28C2B3A6162EEEAFC0AA91C0 /* Check Pods Manifest.lock */ = {
			isa = PBXShellScriptBuildPhase;
			buildActionMask = 2147483647;
			files = (
			);
			inputPaths = (
			);
			name = "Check Pods Manifest.lock";
			outputPaths = (
			);
			runOnlyForDeploymentPostprocessing = 0;
			shellPath = /bin/sh;
			shellScript = "diff \"${PODS_ROOT}/../Podfile.lock\" \"${PODS_ROOT}/Manifest.lock\" > /dev/null\nif [[ $? != 0 ]] ; then\n    cat << EOM\nerror: The sandbox is not in sync with the Podfile.lock. Run 'pod install' or update your CocoaPods installation.\nEOM\n    exit 1\nfi\n";
			showEnvVarsInLog = 0;
		};
		C4DC33F555D653985C84189E /* Copy Pods Resources */ = {
			isa = PBXShellScriptBuildPhase;
			buildActionMask = 2147483647;
			files = (
			);
			inputPaths = (
			);
			name = "Copy Pods Resources";
			outputPaths = (
			);
			runOnlyForDeploymentPostprocessing = 0;
			shellPath = /bin/sh;
			shellScript = "\"${SRCROOT}/Pods/Target Support Files/Pods/Pods-resources.sh\"\n";
			showEnvVarsInLog = 0;
		};
/* End PBXShellScriptBuildPhase section */

/* Begin PBXSourcesBuildPhase section */
		4C455DBF1A93C34900C80790 /* Sources */ = {
			isa = PBXSourcesBuildPhase;
			buildActionMask = 2147483647;
			files = (
				4C992F241ACED0A4005686FE /* Locksmith.swift in Sources */,
				4CA5F9CB1ACB0E3100205A8B /* AudioRecorder.swift in Sources */,
				4C455DCE1A93C34900C80790 /* ViewController.swift in Sources */,
				4C992F1F1ACEB187005686FE /* UserInterface.swift in Sources */,
				4C992F251ACED0A4005686FE /* LocksmithRequest.swift in Sources */,
				4C18E2391AB9FF66005E743B /* ColorCalculator.swift in Sources */,
				0337E7621A9FAB1200DEFD4F /* LightView.swift in Sources */,
				4C455DCC1A93C34900C80790 /* festival_lights.xcdatamodeld in Sources */,
				4C455DC91A93C34900C80790 /* AppDelegate.swift in Sources */,
			);
			runOnlyForDeploymentPostprocessing = 0;
		};
		4C455DD71A93C34900C80790 /* Sources */ = {
			isa = PBXSourcesBuildPhase;
			buildActionMask = 2147483647;
			files = (
				4C455DE21A93C34900C80790 /* festival_lightsTests.swift in Sources */,
			);
			runOnlyForDeploymentPostprocessing = 0;
		};
/* End PBXSourcesBuildPhase section */

/* Begin PBXTargetDependency section */
		4C455DDD1A93C34900C80790 /* PBXTargetDependency */ = {
			isa = PBXTargetDependency;
			target = 4C455DC21A93C34900C80790 /* festival_lights */;
			targetProxy = 4C455DDC1A93C34900C80790 /* PBXContainerItemProxy */;
		};
/* End PBXTargetDependency section */

/* Begin PBXVariantGroup section */
		4C455DCF1A93C34900C80790 /* Main.storyboard */ = {
			isa = PBXVariantGroup;
			children = (
				4C455DD01A93C34900C80790 /* Base */,
			);
			name = Main.storyboard;
			sourceTree = "<group>";
		};
/* End PBXVariantGroup section */

/* Begin XCBuildConfiguration section */
		4C455DE31A93C34900C80790 /* Debug */ = {
			isa = XCBuildConfiguration;
			buildSettings = {
				ALWAYS_SEARCH_USER_PATHS = NO;
				CLANG_CXX_LANGUAGE_STANDARD = "gnu++0x";
				CLANG_CXX_LIBRARY = "libc++";
				CLANG_ENABLE_MODULES = YES;
				CLANG_ENABLE_OBJC_ARC = YES;
				CLANG_WARN_BOOL_CONVERSION = YES;
				CLANG_WARN_CONSTANT_CONVERSION = YES;
				CLANG_WARN_DIRECT_OBJC_ISA_USAGE = YES_ERROR;
				CLANG_WARN_EMPTY_BODY = YES;
				CLANG_WARN_ENUM_CONVERSION = YES;
				CLANG_WARN_INT_CONVERSION = YES;
				CLANG_WARN_OBJC_ROOT_CLASS = YES_ERROR;
				CLANG_WARN_UNREACHABLE_CODE = YES;
				CLANG_WARN__DUPLICATE_METHOD_MATCH = YES;
				"CODE_SIGN_IDENTITY[sdk=iphoneos*]" = "iPhone Developer";
				COPY_PHASE_STRIP = NO;
				ENABLE_STRICT_OBJC_MSGSEND = YES;
				GCC_C_LANGUAGE_STANDARD = gnu99;
				GCC_DYNAMIC_NO_PIC = NO;
				GCC_OPTIMIZATION_LEVEL = 0;
				GCC_PREPROCESSOR_DEFINITIONS = (
					"DEBUG=1",
					"$(inherited)",
				);
				GCC_SYMBOLS_PRIVATE_EXTERN = NO;
				GCC_WARN_64_TO_32_BIT_CONVERSION = YES;
				GCC_WARN_ABOUT_RETURN_TYPE = YES_ERROR;
				GCC_WARN_UNDECLARED_SELECTOR = YES;
				GCC_WARN_UNINITIALIZED_AUTOS = YES_AGGRESSIVE;
				GCC_WARN_UNUSED_FUNCTION = YES;
				GCC_WARN_UNUSED_VARIABLE = YES;
				IPHONEOS_DEPLOYMENT_TARGET = 8.1;
				MTL_ENABLE_DEBUG_INFO = YES;
				ONLY_ACTIVE_ARCH = YES;
				SDKROOT = iphoneos;
				SWIFT_OPTIMIZATION_LEVEL = "-Onone";
			};
			name = Debug;
		};
		4C455DE41A93C34900C80790 /* Release */ = {
			isa = XCBuildConfiguration;
			buildSettings = {
				ALWAYS_SEARCH_USER_PATHS = NO;
				CLANG_CXX_LANGUAGE_STANDARD = "gnu++0x";
				CLANG_CXX_LIBRARY = "libc++";
				CLANG_ENABLE_MODULES = YES;
				CLANG_ENABLE_OBJC_ARC = YES;
				CLANG_WARN_BOOL_CONVERSION = YES;
				CLANG_WARN_CONSTANT_CONVERSION = YES;
				CLANG_WARN_DIRECT_OBJC_ISA_USAGE = YES_ERROR;
				CLANG_WARN_EMPTY_BODY = YES;
				CLANG_WARN_ENUM_CONVERSION = YES;
				CLANG_WARN_INT_CONVERSION = YES;
				CLANG_WARN_OBJC_ROOT_CLASS = YES_ERROR;
				CLANG_WARN_UNREACHABLE_CODE = YES;
				CLANG_WARN__DUPLICATE_METHOD_MATCH = YES;
				"CODE_SIGN_IDENTITY[sdk=iphoneos*]" = "iPhone Developer";
				COPY_PHASE_STRIP = YES;
				ENABLE_NS_ASSERTIONS = NO;
				ENABLE_STRICT_OBJC_MSGSEND = YES;
				GCC_C_LANGUAGE_STANDARD = gnu99;
				GCC_WARN_64_TO_32_BIT_CONVERSION = YES;
				GCC_WARN_ABOUT_RETURN_TYPE = YES_ERROR;
				GCC_WARN_UNDECLARED_SELECTOR = YES;
				GCC_WARN_UNINITIALIZED_AUTOS = YES_AGGRESSIVE;
				GCC_WARN_UNUSED_FUNCTION = YES;
				GCC_WARN_UNUSED_VARIABLE = YES;
				IPHONEOS_DEPLOYMENT_TARGET = 8.1;
				MTL_ENABLE_DEBUG_INFO = NO;
				SDKROOT = iphoneos;
				VALIDATE_PRODUCT = YES;
			};
			name = Release;
		};
		4C455DE61A93C34900C80790 /* Debug */ = {
			isa = XCBuildConfiguration;
			baseConfigurationReference = 707087E60BED06337EA3EEBF /* Pods.debug.xcconfig */;
			buildSettings = {
				ASSETCATALOG_COMPILER_APPICON_NAME = AppIcon;
				ASSETCATALOG_COMPILER_LAUNCHIMAGE_NAME = LaunchImage;
				CLANG_ENABLE_MODULES = YES;
				CODE_SIGN_IDENTITY = "iPhone Developer";
				"CODE_SIGN_IDENTITY[sdk=iphoneos*]" = "iPhone Developer";
				INFOPLIST_FILE = festival_lights/Info.plist;
				LD_RUNPATH_SEARCH_PATHS = "$(inherited) @executable_path/Frameworks";
				PRODUCT_NAME = "$(TARGET_NAME)";
				PROVISIONING_PROFILE = "";
				SWIFT_OBJC_BRIDGING_HEADER = "";
				"SWIFT_OBJC_BRIDGING_HEADER[arch=*]" = "mixpanel-Bridging-Header.h";
				SWIFT_OPTIMIZATION_LEVEL = "-Onone";
			};
			name = Debug;
		};
		4C455DE71A93C34900C80790 /* Release */ = {
			isa = XCBuildConfiguration;
			baseConfigurationReference = 50B42E60B35AD44492D74AD5 /* Pods.release.xcconfig */;
			buildSettings = {
				ASSETCATALOG_COMPILER_APPICON_NAME = AppIcon;
				ASSETCATALOG_COMPILER_LAUNCHIMAGE_NAME = LaunchImage;
				CLANG_ENABLE_MODULES = YES;
				CODE_SIGN_IDENTITY = "iPhone Developer";
				"CODE_SIGN_IDENTITY[sdk=iphoneos*]" = "iPhone Developer";
				INFOPLIST_FILE = festival_lights/Info.plist;
				LD_RUNPATH_SEARCH_PATHS = "$(inherited) @executable_path/Frameworks";
				PRODUCT_NAME = "$(TARGET_NAME)";
				PROVISIONING_PROFILE = "";
				SWIFT_OBJC_BRIDGING_HEADER = "";
				"SWIFT_OBJC_BRIDGING_HEADER[arch=*]" = "mixpanel-Bridging-Header.h";
			};
			name = Release;
		};
		4C455DE91A93C34900C80790 /* Debug */ = {
			isa = XCBuildConfiguration;
			buildSettings = {
				BUNDLE_LOADER = "$(TEST_HOST)";
				FRAMEWORK_SEARCH_PATHS = (
					"$(SDKROOT)/Developer/Library/Frameworks",
					"$(inherited)",
				);
				GCC_PREPROCESSOR_DEFINITIONS = (
					"DEBUG=1",
					"$(inherited)",
				);
				INFOPLIST_FILE = festival_lightsTests/Info.plist;
				LD_RUNPATH_SEARCH_PATHS = "$(inherited) @executable_path/Frameworks @loader_path/Frameworks";
				PRODUCT_NAME = "$(TARGET_NAME)";
				TEST_HOST = "$(BUILT_PRODUCTS_DIR)/festival_lights.app/festival_lights";
			};
			name = Debug;
		};
		4C455DEA1A93C34900C80790 /* Release */ = {
			isa = XCBuildConfiguration;
			buildSettings = {
				BUNDLE_LOADER = "$(TEST_HOST)";
				FRAMEWORK_SEARCH_PATHS = (
					"$(SDKROOT)/Developer/Library/Frameworks",
					"$(inherited)",
				);
				INFOPLIST_FILE = festival_lightsTests/Info.plist;
				LD_RUNPATH_SEARCH_PATHS = "$(inherited) @executable_path/Frameworks @loader_path/Frameworks";
				PRODUCT_NAME = "$(TARGET_NAME)";
				TEST_HOST = "$(BUILT_PRODUCTS_DIR)/festival_lights.app/festival_lights";
			};
			name = Release;
		};
/* End XCBuildConfiguration section */

/* Begin XCConfigurationList section */
		4C455DBE1A93C34900C80790 /* Build configuration list for PBXProject "festival_lights" */ = {
			isa = XCConfigurationList;
			buildConfigurations = (
				4C455DE31A93C34900C80790 /* Debug */,
				4C455DE41A93C34900C80790 /* Release */,
			);
			defaultConfigurationIsVisible = 0;
			defaultConfigurationName = Release;
		};
		4C455DE51A93C34900C80790 /* Build configuration list for PBXNativeTarget "festival_lights" */ = {
			isa = XCConfigurationList;
			buildConfigurations = (
				4C455DE61A93C34900C80790 /* Debug */,
				4C455DE71A93C34900C80790 /* Release */,
			);
			defaultConfigurationIsVisible = 0;
			defaultConfigurationName = Release;
		};
		4C455DE81A93C34900C80790 /* Build configuration list for PBXNativeTarget "festival_lightsTests" */ = {
			isa = XCConfigurationList;
			buildConfigurations = (
				4C455DE91A93C34900C80790 /* Debug */,
				4C455DEA1A93C34900C80790 /* Release */,
			);
			defaultConfigurationIsVisible = 0;
			defaultConfigurationName = Release;
		};
/* End XCConfigurationList section */

/* Begin XCVersionGroup section */
		4C455DCA1A93C34900C80790 /* festival_lights.xcdatamodeld */ = {
			isa = XCVersionGroup;
			children = (
				4C455DCB1A93C34900C80790 /* festival_lights.xcdatamodel */,
			);
			currentVersion = 4C455DCB1A93C34900C80790 /* festival_lights.xcdatamodel */;
			path = festival_lights.xcdatamodeld;
			sourceTree = "<group>";
			versionGroupType = wrapper.xcdatamodel;
		};
/* End XCVersionGroup section */
	};
	rootObject = 4C455DBB1A93C34900C80790 /* Project object */;
}
